
Microsoft Visual Studio Solution File, Format Version 12.00
# Visual Studio Version 16
VisualStudioVersion = 16.0.32126.315
MinimumVisualStudioVersion = 10.0.40219.1
Project("{FAE04EC0-301F-11D3-BF4B-00C04F79EFBC}") = "bbsaha", "bbsaha\bbsaha.csproj", "{843E0229-2ADE-49BF-B865-F619FB8BAC50}"
EndProject
Global
	GlobalSection(SolutionConfigurationPlatforms) = preSolution
		Debug|Any CPU = Debug|Any CPU
		Release|Any CPU = Release|Any CPU
	EndGlobalSection
	GlobalSection(ProjectConfigurationPlatforms) = postSolution
		{843E0229-2ADE-49BF-B865-F619FB8BAC50}.Debug|Any CPU.ActiveCfg = Debug|Any CPU
		{843E0229-2ADE-49BF-B865-F619FB8BAC50}.Debug|Any CPU.Build.0 = Debug|Any CPU
		{843E0229-2ADE-49BF-B865-F619FB8BAC50}.Release|Any CPU.ActiveCfg = Release|Any CPU
		{843E0229-2ADE-49BF-B865-F619FB8BAC50}.Release|Any CPU.Build.0 = Release|Any CPU
	EndGlobalSection
	GlobalSection(SolutionProperties) = preSolution
		HideSolutionNode = FALSE
	EndGlobalSection
	GlobalSection(ExtensibilityGlobals) = postSolution
		SolutionGuid = {9D77FFFA-B4F0-482D-94C8-9C8ABC6C2058}
	EndGlobalSection
EndGlobal
